// !$*UTF8*$!
{
	archiveVersion = 1;
	classes = {
	};
	objectVersion = 46;
	objects = {

/* Begin PBXBuildFile section */
		BB0B5A551BBC668000958080 /* AppDelegate.swift in Sources */ = {isa = PBXBuildFile; fileRef = BB0B5A541BBC668000958080 /* AppDelegate.swift */; };
		BB0B5A571BBC668000958080 /* ViewController.swift in Sources */ = {isa = PBXBuildFile; fileRef = BB0B5A561BBC668000958080 /* ViewController.swift */; };
		BB0B5A5A1BBC668000958080 /* Main.storyboard in Resources */ = {isa = PBXBuildFile; fileRef = BB0B5A581BBC668000958080 /* Main.storyboard */; };
		BB0B5A5C1BBC668000958080 /* Assets.xcassets in Resources */ = {isa = PBXBuildFile; fileRef = BB0B5A5B1BBC668000958080 /* Assets.xcassets */; };
		BB0B5A5F1BBC668000958080 /* LaunchScreen.storyboard in Resources */ = {isa = PBXBuildFile; fileRef = BB0B5A5D1BBC668000958080 /* LaunchScreen.storyboard */; };
		BB0B5A671BBC67EF00958080 /* libMobileGestalt.tbd in Frameworks */ = {isa = PBXBuildFile; fileRef = BB0B5A661BBC67EF00958080 /* libMobileGestalt.tbd */; };
/* End PBXBuildFile section */

/* Begin PBXFileReference section */
		BB0B5A511BBC668000958080 /* SwiftA9ChipSource.app */ = {isa = PBXFileReference; explicitFileType = wrapper.application; includeInIndex = 0; path = SwiftA9ChipSource.app; sourceTree = BUILT_PRODUCTS_DIR; };
		BB0B5A541BBC668000958080 /* AppDelegate.swift */ = {isa = PBXFileReference; lastKnownFileType = sourcecode.swift; path = AppDelegate.swift; sourceTree = "<group>"; };
		BB0B5A561BBC668000958080 /* ViewController.swift */ = {isa = PBXFileReference; lastKnownFileType = sourcecode.swift; path = ViewController.swift; sourceTree = "<group>"; };
		BB0B5A591BBC668000958080 /* Base */ = {isa = PBXFileReference; lastKnownFileType = file.storyboard; name = Base; path = Base.lproj/Main.storyboard; sourceTree = "<group>"; };
		BB0B5A5B1BBC668000958080 /* Assets.xcassets */ = {isa = PBXFileReference; lastKnownFileType = folder.assetcatalog; path = Assets.xcassets; sourceTree = "<group>"; };
		BB0B5A5E1BBC668000958080 /* Base */ = {isa = PBXFileReference; lastKnownFileType = file.storyboard; name = Base; path = Base.lproj/LaunchScreen.storyboard; sourceTree = "<group>"; };
		BB0B5A601BBC668000958080 /* Info.plist */ = {isa = PBXFileReference; lastKnownFileType = text.plist.xml; path = Info.plist; sourceTree = "<group>"; };
		BB0B5A661BBC67EF00958080 /* libMobileGestalt.tbd */ = {isa = PBXFileReference; lastKnownFileType = "sourcecode.text-based-dylib-definition"; name = libMobileGestalt.tbd; path = usr/lib/libMobileGestalt.tbd; sourceTree = SDKROOT; };
/* End PBXFileReference section */

/* Begin PBXFrameworksBuildPhase section */
		BB0B5A4E1BBC668000958080 /* Frameworks */ = {
			isa = PBXFrameworksBuildPhase;
			buildActionMask = 2147483647;
			files = (
				BB0B5A671BBC67EF00958080 /* libMobileGestalt.tbd in Frameworks */,
			);
			runOnlyForDeploymentPostprocessing = 0;
		};
/* End PBXFrameworksBuildPhase section */

/* Begin PBXGroup section */
		BB0B5A481BBC668000958080 = {
			isa = PBXGroup;
			children = (
				BB0B5A531BBC668000958080 /* SwiftA9ChipSource */,
				BB0B5A521BBC668000958080 /* Products */,
			);
			sourceTree = "<group>";
		};
		BB0B5A521BBC668000958080 /* Products */ = {
			isa = PBXGroup;
			children = (
				BB0B5A511BBC668000958080 /* SwiftA9ChipSource.app */,
			);
			name = Products;
			sourceTree = "<group>";
		};
		BB0B5A531BBC668000958080 /* SwiftA9ChipSource */ = {
			isa = PBXGroup;
			children = (
				BB0B5A691BBC6B6800958080 /* Supporting Files */,
				BB0B5A681BBC6B6000958080 /* Frameworks */,
				BB0B5A541BBC668000958080 /* AppDelegate.swift */,
				BB0B5A561BBC668000958080 /* ViewController.swift */,
			);
			path = SwiftA9ChipSource;
			sourceTree = "<group>";
		};
		BB0B5A681BBC6B6000958080 /* Frameworks */ = {
			isa = PBXGroup;
			children = (
				BB0B5A661BBC67EF00958080 /* libMobileGestalt.tbd */,
			);
			name = Frameworks;
			sourceTree = "<group>";
		};
		BB0B5A691BBC6B6800958080 /* Supporting Files */ = {
			isa = PBXGroup;
			children = (
				BB0B5A5B1BBC668000958080 /* Assets.xcassets */,
				BB0B5A601BBC668000958080 /* Info.plist */,
				BB0B5A5D1BBC668000958080 /* LaunchScreen.storyboard */,
				BB0B5A581BBC668000958080 /* Main.storyboard */,
			);
			name = "Supporting Files";
			sourceTree = "<group>";
		};
/* End PBXGroup section */

/* Begin PBXNativeTarget section */
		BB0B5A501BBC668000958080 /* SwiftA9ChipSource */ = {
			isa = PBXNativeTarget;
			buildConfigurationList = BB0B5A631BBC668000958080 /* Build configuration list for PBXNativeTarget "SwiftA9ChipSource" */;
			buildPhases = (
				BB0B5A4D1BBC668000958080 /* Sources */,
				BB0B5A4E1BBC668000958080 /* Frameworks */,
				BB0B5A4F1BBC668000958080 /* Resources */,
			);
			buildRules = (
			);
			dependencies = (
			);
			name = SwiftA9ChipSource;
			productName = SwiftA9ChipSource;
			productReference = BB0B5A511BBC668000958080 /* SwiftA9ChipSource.app */;
			productType = "com.apple.product-type.application";
		};
/* End PBXNativeTarget section */

/* Begin PBXProject section */
		BB0B5A491BBC668000958080 /* Project object */ = {
			isa = PBXProject;
			attributes = {
				LastUpgradeCheck = 0700;
				ORGANIZATIONNAME = "David Wagner";
				TargetAttributes = {
					BB0B5A501BBC668000958080 = {
						CreatedOnToolsVersion = 7.0;
						DevelopmentTeam = A8NKHWJDUL;
					};
				};
			};
			buildConfigurationList = BB0B5A4C1BBC668000958080 /* Build configuration list for PBXProject "SwiftA9ChipSource" */;
			compatibilityVersion = "Xcode 3.2";
			developmentRegion = English;
			hasScannedForEncodings = 0;
			knownRegions = (
				en,
				Base,
			);
			mainGroup = BB0B5A481BBC668000958080;
			productRefGroup = BB0B5A521BBC668000958080 /* Products */;
			projectDirPath = "";
			projectRoot = "";
			targets = (
				BB0B5A501BBC668000958080 /* SwiftA9ChipSource */,
			);
		};
/* End PBXProject section */

/* Begin PBXResourcesBuildPhase section */
		BB0B5A4F1BBC668000958080 /* Resources */ = {
			isa = PBXResourcesBuildPhase;
			buildActionMask = 2147483647;
			files = (
				BB0B5A5F1BBC668000958080 /* LaunchScreen.storyboard in Resources */,
				BB0B5A5C1BBC668000958080 /* Assets.xcassets in Resources */,
				BB0B5A5A1BBC668000958080 /* Main.storyboard in Resources */,
			);
			runOnlyForDeploymentPostprocessing = 0;
		};
/* End PBXResourcesBuildPhase section */

/* Begin PBXSourcesBuildPhase section */
		BB0B5A4D1BBC668000958080 /* Sources */ = {
			isa = PBXSourcesBuildPhase;
			buildActionMask = 2147483647;
			files = (
				BB0B5A571BBC668000958080 /* ViewController.swift in Sources */,
				BB0B5A551BBC668000958080 /* AppDelegate.swift in Sources */,
			);
			runOnlyForDeploymentPostprocessing = 0;
		};
/* End PBXSourcesBuildPhase section */

/* Begin PBXVariantGroup section */
		BB0B5A581BBC668000958080 /* Main.storyboard */ = {
			isa = PBXVariantGroup;
			children = (
				BB0B5A591BBC668000958080 /* Base */,
			);
			name = Main.storyboard;
			sourceTree = "<group>";
		};
		BB0B5A5D1BBC668000958080 /* LaunchScreen.storyboard */ = {
			isa = PBXVariantGroup;
			children = (
				BB0B5A5E1BBC668000958080 /* Base */,
			);
			name = LaunchScreen.storyboard;
			sourceTree = "<group>";
		};
/* End PBXVariantGroup section */

/* Begin XCBuildConfiguration section */
		BB0B5A611BBC668000958080 /* Debug */ = {
			isa = XCBuildConfiguration;
			buildSettings = {
				ALWAYS_SEARCH_USER_PATHS = NO;
				CLANG_CXX_LANGUAGE_STANDARD = "gnu++0x";
				CLANG_CXX_LIBRARY = "libc++";
				CLANG_ENABLE_MODULES = YES;
				CLANG_ENABLE_OBJC_ARC = YES;
				CLANG_WARN_BOOL_CONVERSION = YES;
				CLANG_WARN_CONSTANT_CONVERSION = YES;
				CLANG_WARN_DIRECT_OBJC_ISA_USAGE = YES_ERROR;
				CLANG_WARN_EMPTY_BODY = YES;
				CLANG_WARN_ENUM_CONVERSION = YES;
				CLANG_WARN_INT_CONVERSION = YES;
				CLANG_WARN_OBJC_ROOT_CLASS = YES_ERROR;
				CLANG_WARN_UNREACHABLE_CODE = YES;
				CLANG_WARN__DUPLICATE_METHOD_MATCH = YES;
				"CODE_SIGN_IDENTITY[sdk=iphoneos*]" = "iPhone Developer";
				COPY_PHASE_STRIP = NO;
				DEBUG_INFORMATION_FORMAT = dwarf;
				ENABLE_STRICT_OBJC_MSGSEND = YES;
				ENABLE_TESTABILITY = YES;
				GCC_C_LANGUAGE_STANDARD = gnu99;
				GCC_DYNAMIC_NO_PIC = NO;
				GCC_NO_COMMON_BLOCKS = YES;
				GCC_OPTIMIZATION_LEVEL = 0;
				GCC_PREPROCESSOR_DEFINITIONS = (
					"DEBUG=1",
					"$(inherited)",
				);
				GCC_WARN_64_TO_32_BIT_CONVERSION = YES;
				GCC_WARN_ABOUT_RETURN_TYPE = YES_ERROR;
				GCC_WARN_UNDECLARED_SELECTOR = YES;
				GCC_WARN_UNINITIALIZED_AUTOS = YES_AGGRESSIVE;
				GCC_WARN_UNUSED_FUNCTION = YES;
				GCC_WARN_UNUSED_VARIABLE = YES;
				IPHONEOS_DEPLOYMENT_TARGET = 9.0;
				MTL_ENABLE_DEBUG_INFO = YES;
				ONLY_ACTIVE_ARCH = YES;
				SDKROOT = iphoneos;
				SWIFT_OPTIMIZATION_LEVEL = "-Onone";
				TARGETED_DEVICE_FAMILY = "1,2";
			};
			name = Debug;
		};
		BB0B5A621BBC668000958080 /* Release */ = {
			isa = XCBuildConfiguration;
			buildSettings = {
				ALWAYS_SEARCH_USER_PATHS = NO;
				CLANG_CXX_LANGUAGE_STANDARD = "gnu++0x";
				CLANG_CXX_LIBRARY = "libc++";
				CLANG_ENABLE_MODULES = YES;
				CLANG_ENABLE_OBJC_ARC = YES;
				CLANG_WARN_BOOL_CONVERSION = YES;
				CLANG_WARN_CONSTANT_CONVERSION = YES;
				CLANG_WARN_DIRECT_OBJC_ISA_USAGE = YES_ERROR;
				CLANG_WARN_EMPTY_BODY = YES;
				CLANG_WARN_ENUM_CONVERSION = YES;
				CLANG_WARN_INT_CONVERSION = YES;
				CLANG_WARN_OBJC_ROOT_CLASS = YES_ERROR;
				CLANG_WARN_UNREACHABLE_CODE = YES;
				CLANG_WARN__DUPLICATE_METHOD_MATCH = YES;
				"CODE_SIGN_IDENTITY[sdk=iphoneos*]" = "iPhone Developer";
				COPY_PHASE_STRIP = NO;
				DEBUG_INFORMATION_FORMAT = "dwarf-with-dsym";
				ENABLE_NS_ASSERTIONS = NO;
				ENABLE_STRICT_OBJC_MSGSEND = YES;
				GCC_C_LANGUAGE_STANDARD = gnu99;
				GCC_NO_COMMON_BLOCKS = YES;
				GCC_WARN_64_TO_32_BIT_CONVERSION = YES;
				GCC_WARN_ABOUT_RETURN_TYPE = YES_ERROR;
				GCC_WARN_UNDECLARED_SELECTOR = YES;
				GCC_WARN_UNINITIALIZED_AUTOS = YES_AGGRESSIVE;
				GCC_WARN_UNUSED_FUNCTION = YES;
				GCC_WARN_UNUSED_VARIABLE = YES;
				IPHONEOS_DEPLOYMENT_TARGET = 9.0;
				MTL_ENABLE_DEBUG_INFO = NO;
				SDKROOT = iphoneos;
				TARGETED_DEVICE_FAMILY = "1,2";
				VALIDATE_PRODUCT = YES;
			};
			name = Release;
		};
		BB0B5A641BBC668000958080 /* Debug */ = {
			isa = XCBuildConfiguration;
			buildSettings = {
				ASSETCATALOG_COMPILER_APPICON_NAME = AppIcon;
				CODE_SIGN_IDENTITY = "iPhone Developer";
				"CODE_SIGN_IDENTITY[sdk=iphoneos*]" = "iPhone Developer";
				INFOPLIST_FILE = SwiftA9ChipSource/Info.plist;
				LD_RUNPATH_SEARCH_PATHS = "$(inherited) @executable_path/Frameworks";
				PRODUCT_BUNDLE_IDENTIFIER = com.noiseandheat.ios.SwiftA9ChipSource;
				PRODUCT_NAME = "$(TARGET_NAME)";
				PROVISIONING_PROFILE = "";
			};
			name = Debug;
		};
		BB0B5A651BBC668000958080 /* Release */ = {
			isa = XCBuildConfiguration;
			buildSettings = {
				ASSETCATALOG_COMPILER_APPICON_NAME = AppIcon;
				CODE_SIGN_IDENTITY = "iPhone Developer";
				"CODE_SIGN_IDENTITY[sdk=iphoneos*]" = "iPhone Developer";
				INFOPLIST_FILE = SwiftA9ChipSource/Info.plist;
				LD_RUNPATH_SEARCH_PATHS = "$(inherited) @executable_path/Frameworks";
				PRODUCT_BUNDLE_IDENTIFIER = com.noiseandheat.ios.SwiftA9ChipSource;
				PRODUCT_NAME = "$(TARGET_NAME)";
				PROVISIONING_PROFILE = "";
			};
			name = Release;
		};
/* End XCBuildConfiguration section */

/* Begin XCConfigurationList section */
		BB0B5A4C1BBC668000958080 /* Build configuration list for PBXProject "SwiftA9ChipSource" */ = {
			isa = XCConfigurationList;
			buildConfigurations = (
				BB0B5A611BBC668000958080 /* Debug */,
				BB0B5A621BBC668000958080 /* Release */,
			);
			defaultConfigurationIsVisible = 0;
			defaultConfigurationName = Release;
		};
		BB0B5A631BBC668000958080 /* Build configuration list for PBXNativeTarget "SwiftA9ChipSource" */ = {
			isa = XCConfigurationList;
			buildConfigurations = (
				BB0B5A641BBC668000958080 /* Debug */,
				BB0B5A651BBC668000958080 /* Release */,
			);
			defaultConfigurationIsVisible = 0;
		};
/* End XCConfigurationList section */
	};
	rootObject = BB0B5A491BBC668000958080 /* Project object */;
}
